{
  "requires": true,
  "lockfileVersion": 1,
  "dependencies": {
    "cos-wx-sdk-v5": {
      "version": "0.7.10",
      "resolved": "https://registry.npm.taobao.org/cos-wx-sdk-v5/download/cos-wx-sdk-v5-0.7.10.tgz",
      "integrity": "sha512-q7LtOF2SHuxMN1VAxV5ZW+pk8VshjzEwyPCCl/1BG/2gWU+MWn4GmDDv7xE061xhbM9nZIRF+kE+40HVAMuaww==",
      "requires": {
        "xmldom": "^0.1.27"
      },
      "dependencies": {
        "xmldom": {
          "version": "0.1.31",
          "resolved": "https://registry.npmjs.org/xmldom/-/xmldom-0.1.31.tgz",
          "integrity": "sha512-yS2uJflVQs6n+CyjHoaBmVSqIDevTAWrzMmjG1Gc7h1qQ7uVozNhEPJAwZXWyGQ/Gafo3fCwrcaokezLPupVyQ=="
        }
      }
    },
    "dayjs": {
      "version": "1.8.23",
      "resolved": "https://registry.npm.taobao.org/dayjs/download/dayjs-1.8.23.tgz",
      "integrity": "sha512-NmYHMFONftoZbeOhVz6jfiXI4zSiPN6NoVWJgC0aZQfYVwzy/ZpESPHuCcI0B8BUMpSJQ08zenHDbofOLKq8hQ=="
    },
    "tim-wx-sdk": {
      "version": "2.7.0",
      "resolved": "https://registry.npmjs.org/tim-wx-sdk/-/tim-wx-sdk-2.7.0.tgz",
      "integrity": "sha512-mpu8RvnLHuepfZVBOJyM51u8rBR1s1wwB/ikrFG1GrX+9U0bz8oyJ0nEPyIQqBUyp+/E4B5rxJmH+6UC7k3YrQ=="
    },
    "wxministore": {
      "version": "1.2.9",
      "resolved": "https://registry.npmjs.org/wxministore/-/wxministore-1.2.9.tgz",
      "integrity": "sha512-HmLu6YXjVcR0d3uQpxJwL2dtzAs6kclvk+FPIr+gJmBRJKx/3asftgx88ts0RatWG/MfzS8kOoL1qU9urdXppA=="
    }
  }
}
